
Microsoft Visual Studio Solution File, Format Version 12.00
# Visual Studio Version 16
VisualStudioVersion = 16.0.30225.117
MinimumVisualStudioVersion = 10.0.40219.1
Project("{2150E333-8FDC-42A3-9474-1A3956D46DE8}") = "src", "src", "{67FA5076-4396-40B3-8AD5-7BB2565A5BF1}"
EndProject
Project("{2150E333-8FDC-42A3-9474-1A3956D46DE8}") = "test", "test", "{CA862125-AE25-487A-AF9B-931B973F421C}"
EndProject
Project("{9A19103F-16F7-4668-BE54-9A1E7A4F7556}") = "Test", "test\Test\Test.csproj", "{70A68F4B-26D1-49C8-8797-C051F624DE0F}"
EndProject
Project("{9A19103F-16F7-4668-BE54-9A1E7A4F7556}") = "Liyanjie.SignalApi.Common", "src\Liyanjie.SignalApi.Common\Liyanjie.SignalApi.Common.csproj", "{F9E098F4-85FD-4091-A15B-926206DCE573}"
EndProject
Project("{9A19103F-16F7-4668-BE54-9A1E7A4F7556}") = "Liyanjie.SignalApi.CompatShim.AspNetCoreMvc", "src\Liyanjie.SignalApi.CompatShim.AspNetCoreMvc\Liyanjie.SignalApi.CompatShim.AspNetCoreMvc.csproj", "{F284CB99-60F6-475F-8F6B-CB071B176F0D}"
EndProject
Project("{9A19103F-16F7-4668-BE54-9A1E7A4F7556}") = "Liyanjie.SignalApi.CompatShim.AspNetWebApi", "src\Liyanjie.SignalApi.CompatShim.AspNetWebApi\Liyanjie.SignalApi.CompatShim.AspNetWebApi.csproj", "{60009369-0CE0-4D22-A563-5E0B6DFD4749}"
EndProject
Project("{2150E333-8FDC-42A3-9474-1A3956D46DE8}") = "samples", "samples", "{C8645FCA-9422-46D6-90A6-9FB306A461DB}"
EndProject
Project("{9A19103F-16F7-4668-BE54-9A1E7A4F7556}") = "Liyanjie.SignalApi.AspNetCore", "src\Liyanjie.SignalApi.AspNetCore\Liyanjie.SignalApi.AspNetCore.csproj", "{298E1A07-A0A3-443D-B863-07DDBCC7DD3C}"
EndProject
Project("{FAE04EC0-301F-11D3-BF4B-00C04F79EFBC}") = "Liyanjie.SignalApi.CompatShim.Sample.AspNetWebApi", "samples\Liyanjie.SignalApi.CompatShim.Sample.AspNetWebApi\Liyanjie.SignalApi.CompatShim.Sample.AspNetWebApi.csproj", "{862408C6-111E-44E7-AE19-10AF375FEF6B}"
EndProject
Project("{9A19103F-16F7-4668-BE54-9A1E7A4F7556}") = "Liyanjie.SignalApi.CompatShim.Sample.AspNetCoreMvc", "samples\Liyanjie.SignalApi.CompatShim.Sample.AspNetCoreMvc\Liyanjie.SignalApi.CompatShim.Sample.AspNetCoreMvc.csproj", "{F62CBFEA-DE49-4044-BED1-BE707711C537}"
EndProject
Project("{9A19103F-16F7-4668-BE54-9A1E7A4F7556}") = "Liyanjie.SignalApi.AspNetCore.FluentValidation", "src\Liyanjie.SignalApi.AspNetCore.FluentValidation\Liyanjie.SignalApi.AspNetCore.FluentValidation.csproj", "{61D8C7B0-9D70-483B-9BF0-9A32CA77ABF4}"
EndProject
Project("{9A19103F-16F7-4668-BE54-9A1E7A4F7556}") = "Liyanjie.SignalApi.Sample.AspNetCore", "samples\Liyanjie.SignalApi.Sample.AspNetCore\Liyanjie.SignalApi.Sample.AspNetCore.csproj", "{D5C7FCAB-22CF-4211-9CB7-14539BF27E99}"
EndProject
Project("{9A19103F-16F7-4668-BE54-9A1E7A4F7556}") = "Test.Net452", "test\Test.Net452\Test.Net452.csproj", "{0F0C7B89-4EE7-436D-AD4E-74E7D2F25CFC}"
EndProject
Global
	GlobalSection(SolutionConfigurationPlatforms) = preSolution
		Debug|Any CPU = Debug|Any CPU
		Release|Any CPU = Release|Any CPU
	EndGlobalSection
	GlobalSection(ProjectConfigurationPlatforms) = postSolution
		{70A68F4B-26D1-49C8-8797-C051F624DE0F}.Debug|Any CPU.ActiveCfg = Debug|Any CPU
		{70A68F4B-26D1-49C8-8797-C051F624DE0F}.Debug|Any CPU.Build.0 = Debug|Any CPU
		{70A68F4B-26D1-49C8-8797-C051F624DE0F}.Release|Any CPU.ActiveCfg = Release|Any CPU
		{70A68F4B-26D1-49C8-8797-C051F624DE0F}.Release|Any CPU.Build.0 = Release|Any CPU
		{F9E098F4-85FD-4091-A15B-926206DCE573}.Debug|Any CPU.ActiveCfg = Debug|Any CPU
		{F9E098F4-85FD-4091-A15B-926206DCE573}.Debug|Any CPU.Build.0 = Debug|Any CPU
		{F9E098F4-85FD-4091-A15B-926206DCE573}.Release|Any CPU.ActiveCfg = Release|Any CPU
		{F9E098F4-85FD-4091-A15B-926206DCE573}.Release|Any CPU.Build.0 = Release|Any CPU
		{F284CB99-60F6-475F-8F6B-CB071B176F0D}.Debug|Any CPU.ActiveCfg = Debug|Any CPU
		{F284CB99-60F6-475F-8F6B-CB071B176F0D}.Debug|Any CPU.Build.0 = Debug|Any CPU
		{F284CB99-60F6-475F-8F6B-CB071B176F0D}.Release|Any CPU.ActiveCfg = Release|Any CPU
		{F284CB99-60F6-475F-8F6B-CB071B176F0D}.Release|Any CPU.Build.0 = Release|Any CPU
		{60009369-0CE0-4D22-A563-5E0B6DFD4749}.Debug|Any CPU.ActiveCfg = Debug|Any CPU
		{60009369-0CE0-4D22-A563-5E0B6DFD4749}.Debug|Any CPU.Build.0 = Debug|Any CPU
		{60009369-0CE0-4D22-A563-5E0B6DFD4749}.Release|Any CPU.ActiveCfg = Release|Any CPU
		{60009369-0CE0-4D22-A563-5E0B6DFD4749}.Release|Any CPU.Build.0 = Release|Any CPU
		{298E1A07-A0A3-443D-B863-07DDBCC7DD3C}.Debug|Any CPU.ActiveCfg = Debug|Any CPU
		{298E1A07-A0A3-443D-B863-07DDBCC7DD3C}.Debug|Any CPU.Build.0 = Debug|Any CPU
		{298E1A07-A0A3-443D-B863-07DDBCC7DD3C}.Release|Any CPU.ActiveCfg = Release|Any CPU
		{298E1A07-A0A3-443D-B863-07DDBCC7DD3C}.Release|Any CPU.Build.0 = Release|Any CPU
		{862408C6-111E-44E7-AE19-10AF375FEF6B}.Debug|Any CPU.ActiveCfg = Debug|Any CPU
		{862408C6-111E-44E7-AE19-10AF375FEF6B}.Debug|Any CPU.Build.0 = Debug|Any CPU
		{862408C6-111E-44E7-AE19-10AF375FEF6B}.Release|Any CPU.ActiveCfg = Release|Any CPU
		{862408C6-111E-44E7-AE19-10AF375FEF6B}.Release|Any CPU.Build.0 = Release|Any CPU
		{F62CBFEA-DE49-4044-BED1-BE707711C537}.Debug|Any CPU.ActiveCfg = Debug|Any CPU
		{F62CBFEA-DE49-4044-BED1-BE707711C537}.Debug|Any CPU.Build.0 = Debug|Any CPU
		{F62CBFEA-DE49-4044-BED1-BE707711C537}.Release|Any CPU.ActiveCfg = Release|Any CPU
		{F62CBFEA-DE49-4044-BED1-BE707711C537}.Release|Any CPU.Build.0 = Release|Any CPU
		{61D8C7B0-9D70-483B-9BF0-9A32CA77ABF4}.Debug|Any CPU.ActiveCfg = Debug|Any CPU
		{61D8C7B0-9D70-483B-9BF0-9A32CA77ABF4}.Debug|Any CPU.Build.0 = Debug|Any CPU
		{61D8C7B0-9D70-483B-9BF0-9A32CA77ABF4}.Release|Any CPU.ActiveCfg = Release|Any CPU
		{61D8C7B0-9D70-483B-9BF0-9A32CA77ABF4}.Release|Any CPU.Build.0 = Release|Any CPU
		{D5C7FCAB-22CF-4211-9CB7-14539BF27E99}.Debug|Any CPU.ActiveCfg = Debug|Any CPU
		{D5C7FCAB-22CF-4211-9CB7-14539BF27E99}.Debug|Any CPU.Build.0 = Debug|Any CPU
		{D5C7FCAB-22CF-4211-9CB7-14539BF27E99}.Release|Any CPU.ActiveCfg = Release|Any CPU
		{D5C7FCAB-22CF-4211-9CB7-14539BF27E99}.Release|Any CPU.Build.0 = Release|Any CPU
		{0F0C7B89-4EE7-436D-AD4E-74E7D2F25CFC}.Debug|Any CPU.ActiveCfg = Debug|Any CPU
		{0F0C7B89-4EE7-436D-AD4E-74E7D2F25CFC}.Debug|Any CPU.Build.0 = Debug|Any CPU
		{0F0C7B89-4EE7-436D-AD4E-74E7D2F25CFC}.Release|Any CPU.ActiveCfg = Release|Any CPU
		{0F0C7B89-4EE7-436D-AD4E-74E7D2F25CFC}.Release|Any CPU.Build.0 = Release|Any CPU
	EndGlobalSection
	GlobalSection(SolutionProperties) = preSolution
		HideSolutionNode = FALSE
	EndGlobalSection
	GlobalSection(NestedProjects) = preSolution
		{70A68F4B-26D1-49C8-8797-C051F624DE0F} = {CA862125-AE25-487A-AF9B-931B973F421C}
		{F9E098F4-85FD-4091-A15B-926206DCE573} = {67FA5076-4396-40B3-8AD5-7BB2565A5BF1}
		{F284CB99-60F6-475F-8F6B-CB071B176F0D} = {67FA5076-4396-40B3-8AD5-7BB2565A5BF1}
		{60009369-0CE0-4D22-A563-5E0B6DFD4749} = {67FA5076-4396-40B3-8AD5-7BB2565A5BF1}
		{298E1A07-A0A3-443D-B863-07DDBCC7DD3C} = {67FA5076-4396-40B3-8AD5-7BB2565A5BF1}
		{862408C6-111E-44E7-AE19-10AF375FEF6B} = {C8645FCA-9422-46D6-90A6-9FB306A461DB}
		{F62CBFEA-DE49-4044-BED1-BE707711C537} = {C8645FCA-9422-46D6-90A6-9FB306A461DB}
		{61D8C7B0-9D70-483B-9BF0-9A32CA77ABF4} = {67FA5076-4396-40B3-8AD5-7BB2565A5BF1}
		{D5C7FCAB-22CF-4211-9CB7-14539BF27E99} = {C8645FCA-9422-46D6-90A6-9FB306A461DB}
		{0F0C7B89-4EE7-436D-AD4E-74E7D2F25CFC} = {CA862125-AE25-487A-AF9B-931B973F421C}
	EndGlobalSection
	GlobalSection(ExtensibilityGlobals) = postSolution
		SolutionGuid = {19C59727-5084-400D-8801-8B8415EBCD66}
	EndGlobalSection
EndGlobal
